// !$*UTF8*$!
{
	archiveVersion = 1;
	classes = {
	};
	objectVersion = 46;
	objects = {

/* Begin PBXBuildFile section */
		F93CA6951F515CD20051A1DC /* default.gpx in Resources */ = {isa = PBXBuildFile; fileRef = F93CA6941F515CD20051A1DC /* default.gpx */; };
		F95497D41F2A1E1A00FF8876 /* AppDelegate.swift in Sources */ = {isa = PBXBuildFile; fileRef = F95497D31F2A1E1A00FF8876 /* AppDelegate.swift */; };
		F95497D61F2A1E1A00FF8876 /* ViewController.swift in Sources */ = {isa = PBXBuildFile; fileRef = F95497D51F2A1E1A00FF8876 /* ViewController.swift */; };
		F95497D91F2A1E1A00FF8876 /* Main.storyboard in Resources */ = {isa = PBXBuildFile; fileRef = F95497D71F2A1E1A00FF8876 /* Main.storyboard */; };
		F95497DB1F2A1E1A00FF8876 /* Assets.xcassets in Resources */ = {isa = PBXBuildFile; fileRef = F95497DA1F2A1E1A00FF8876 /* Assets.xcassets */; };
		F95497DE1F2A1E1A00FF8876 /* LaunchScreen.storyboard in Resources */ = {isa = PBXBuildFile; fileRef = F95497DC1F2A1E1A00FF8876 /* LaunchScreen.storyboard */; };
		F95497E91F2A1E1A00FF8876 /* GeoConverterTests.swift in Sources */ = {isa = PBXBuildFile; fileRef = F95497E81F2A1E1A00FF8876 /* GeoConverterTests.swift */; };
		F95497F51F2A1E8700FF8876 /* GeoConverter.swift in Sources */ = {isa = PBXBuildFile; fileRef = F95497F41F2A1E8700FF8876 /* GeoConverter.swift */; };
		F98608581F73FD20004343CB /* XMLPaser.swift in Sources */ = {isa = PBXBuildFile; fileRef = F98608571F73FD20004343CB /* XMLPaser.swift */; };
/* End PBXBuildFile section */

/* Begin PBXContainerItemProxy section */
		F95497E51F2A1E1A00FF8876 /* PBXContainerItemProxy */ = {
			isa = PBXContainerItemProxy;
			containerPortal = F95497C81F2A1E1A00FF8876 /* Project object */;
			proxyType = 1;
			remoteGlobalIDString = F95497CF1F2A1E1A00FF8876;
			remoteInfo = GeoConverter;
		};
/* End PBXContainerItemProxy section */

/* Begin PBXFileReference section */
		F93CA6941F515CD20051A1DC /* default.gpx */ = {isa = PBXFileReference; fileEncoding = 4; lastKnownFileType = text.xml; path = default.gpx; sourceTree = "<group>"; };
		F95497D01F2A1E1A00FF8876 /* GeoConverter.app */ = {isa = PBXFileReference; explicitFileType = wrapper.application; includeInIndex = 0; path = GeoConverter.app; sourceTree = BUILT_PRODUCTS_DIR; };
		F95497D31F2A1E1A00FF8876 /* AppDelegate.swift */ = {isa = PBXFileReference; lastKnownFileType = sourcecode.swift; path = AppDelegate.swift; sourceTree = "<group>"; };
		F95497D51F2A1E1A00FF8876 /* ViewController.swift */ = {isa = PBXFileReference; lastKnownFileType = sourcecode.swift; path = ViewController.swift; sourceTree = "<group>"; };
		F95497D81F2A1E1A00FF8876 /* Base */ = {isa = PBXFileReference; lastKnownFileType = file.storyboard; name = Base; path = Base.lproj/Main.storyboard; sourceTree = "<group>"; };
		F95497DA1F2A1E1A00FF8876 /* Assets.xcassets */ = {isa = PBXFileReference; lastKnownFileType = folder.assetcatalog; path = Assets.xcassets; sourceTree = "<group>"; };
		F95497DD1F2A1E1A00FF8876 /* Base */ = {isa = PBXFileReference; lastKnownFileType = file.storyboard; name = Base; path = Base.lproj/LaunchScreen.storyboard; sourceTree = "<group>"; };
		F95497DF1F2A1E1A00FF8876 /* Info.plist */ = {isa = PBXFileReference; lastKnownFileType = text.plist.xml; path = Info.plist; sourceTree = "<group>"; };
		F95497E41F2A1E1A00FF8876 /* GeoConverterTests.xctest */ = {isa = PBXFileReference; explicitFileType = wrapper.cfbundle; includeInIndex = 0; path = GeoConverterTests.xctest; sourceTree = BUILT_PRODUCTS_DIR; };
		F95497E81F2A1E1A00FF8876 /* GeoConverterTests.swift */ = {isa = PBXFileReference; lastKnownFileType = sourcecode.swift; path = GeoConverterTests.swift; sourceTree = "<group>"; };
		F95497EA1F2A1E1A00FF8876 /* Info.plist */ = {isa = PBXFileReference; lastKnownFileType = text.plist.xml; path = Info.plist; sourceTree = "<group>"; };
		F95497F41F2A1E8700FF8876 /* GeoConverter.swift */ = {isa = PBXFileReference; fileEncoding = 4; lastKnownFileType = sourcecode.swift; path = GeoConverter.swift; sourceTree = "<group>"; };
		F98608571F73FD20004343CB /* XMLPaser.swift */ = {isa = PBXFileReference; lastKnownFileType = sourcecode.swift; path = XMLPaser.swift; sourceTree = "<group>"; };
/* End PBXFileReference section */

/* Begin PBXFrameworksBuildPhase section */
		F95497CD1F2A1E1A00FF8876 /* Frameworks */ = {
			isa = PBXFrameworksBuildPhase;
			buildActionMask = 2147483647;
			files = (
			);
			runOnlyForDeploymentPostprocessing = 0;
		};
		F95497E11F2A1E1A00FF8876 /* Frameworks */ = {
			isa = PBXFrameworksBuildPhase;
			buildActionMask = 2147483647;
			files = (
			);
			runOnlyForDeploymentPostprocessing = 0;
		};
/* End PBXFrameworksBuildPhase section */

/* Begin PBXGroup section */
		F95497C71F2A1E1A00FF8876 = {
			isa = PBXGroup;
			children = (
				F93CA6941F515CD20051A1DC /* default.gpx */,
				F95497D21F2A1E1A00FF8876 /* GeoConverter */,
				F95497E71F2A1E1A00FF8876 /* GeoConverterTests */,
				F95497D11F2A1E1A00FF8876 /* Products */,
			);
			sourceTree = "<group>";
		};
		F95497D11F2A1E1A00FF8876 /* Products */ = {
			isa = PBXGroup;
			children = (
				F95497D01F2A1E1A00FF8876 /* GeoConverter.app */,
				F95497E41F2A1E1A00FF8876 /* GeoConverterTests.xctest */,
			);
			name = Products;
			sourceTree = "<group>";
		};
		F95497D21F2A1E1A00FF8876 /* GeoConverter */ = {
			isa = PBXGroup;
			children = (
				F95497D31F2A1E1A00FF8876 /* AppDelegate.swift */,
				F95497D51F2A1E1A00FF8876 /* ViewController.swift */,
				F95497D71F2A1E1A00FF8876 /* Main.storyboard */,
				F95497DA1F2A1E1A00FF8876 /* Assets.xcassets */,
				F95497DC1F2A1E1A00FF8876 /* LaunchScreen.storyboard */,
				F95497DF1F2A1E1A00FF8876 /* Info.plist */,
				F95497F41F2A1E8700FF8876 /* GeoConverter.swift */,
				F98608571F73FD20004343CB /* XMLPaser.swift */,
			);
			path = GeoConverter;
			sourceTree = "<group>";
		};
		F95497E71F2A1E1A00FF8876 /* GeoConverterTests */ = {
			isa = PBXGroup;
			children = (
				F95497E81F2A1E1A00FF8876 /* GeoConverterTests.swift */,
				F95497EA1F2A1E1A00FF8876 /* Info.plist */,
			);
			path = GeoConverterTests;
			sourceTree = "<group>";
		};
/* End PBXGroup section */

/* Begin PBXNativeTarget section */
		F95497CF1F2A1E1A00FF8876 /* GeoConverter */ = {
			isa = PBXNativeTarget;
			buildConfigurationList = F95497ED1F2A1E1A00FF8876 /* Build configuration list for PBXNativeTarget "GeoConverter" */;
			buildPhases = (
				F95497CC1F2A1E1A00FF8876 /* Sources */,
				F95497CD1F2A1E1A00FF8876 /* Frameworks */,
				F95497CE1F2A1E1A00FF8876 /* Resources */,
			);
			buildRules = (
			);
			dependencies = (
			);
			name = GeoConverter;
			productName = GeoConverter;
			productReference = F95497D01F2A1E1A00FF8876 /* GeoConverter.app */;
			productType = "com.apple.product-type.application";
		};
		F95497E31F2A1E1A00FF8876 /* GeoConverterTests */ = {
			isa = PBXNativeTarget;
			buildConfigurationList = F95497F01F2A1E1A00FF8876 /* Build configuration list for PBXNativeTarget "GeoConverterTests" */;
			buildPhases = (
				F95497E01F2A1E1A00FF8876 /* Sources */,
				F95497E11F2A1E1A00FF8876 /* Frameworks */,
				F95497E21F2A1E1A00FF8876 /* Resources */,
			);
			buildRules = (
			);
			dependencies = (
				F95497E61F2A1E1A00FF8876 /* PBXTargetDependency */,
			);
			name = GeoConverterTests;
			productName = GeoConverterTests;
			productReference = F95497E41F2A1E1A00FF8876 /* GeoConverterTests.xctest */;
			productType = "com.apple.product-type.bundle.unit-test";
		};
/* End PBXNativeTarget section */

/* Begin PBXProject section */
		F95497C81F2A1E1A00FF8876 /* Project object */ = {
			isa = PBXProject;
			attributes = {
				LastSwiftUpdateCheck = 0830;
				LastUpgradeCheck = 0900;
				ORGANIZATIONNAME = sangwoo;
				TargetAttributes = {
					F95497CF1F2A1E1A00FF8876 = {
						CreatedOnToolsVersion = 8.3.3;
						LastSwiftMigration = 0900;
						ProvisioningStyle = Automatic;
					};
					F95497E31F2A1E1A00FF8876 = {
						CreatedOnToolsVersion = 8.3.3;
						LastSwiftMigration = 0900;
						ProvisioningStyle = Automatic;
						TestTargetID = F95497CF1F2A1E1A00FF8876;
					};
				};
			};
			buildConfigurationList = F95497CB1F2A1E1A00FF8876 /* Build configuration list for PBXProject "GeoConverter" */;
			compatibilityVersion = "Xcode 3.2";
			developmentRegion = English;
			hasScannedForEncodings = 0;
			knownRegions = (
				en,
				Base,
			);
			mainGroup = F95497C71F2A1E1A00FF8876;
			productRefGroup = F95497D11F2A1E1A00FF8876 /* Products */;
			projectDirPath = "";
			projectRoot = "";
			targets = (
				F95497CF1F2A1E1A00FF8876 /* GeoConverter */,
				F95497E31F2A1E1A00FF8876 /* GeoConverterTests */,
			);
		};
/* End PBXProject section */

/* Begin PBXResourcesBuildPhase section */
		F95497CE1F2A1E1A00FF8876 /* Resources */ = {
			isa = PBXResourcesBuildPhase;
			buildActionMask = 2147483647;
			files = (
				F95497DE1F2A1E1A00FF8876 /* LaunchScreen.storyboard in Resources */,
				F93CA6951F515CD20051A1DC /* default.gpx in Resources */,
				F95497DB1F2A1E1A00FF8876 /* Assets.xcassets in Resources */,
				F95497D91F2A1E1A00FF8876 /* Main.storyboard in Resources */,
			);
			runOnlyForDeploymentPostprocessing = 0;
		};
		F95497E21F2A1E1A00FF8876 /* Resources */ = {
			isa = PBXResourcesBuildPhase;
			buildActionMask = 2147483647;
			files = (
			);
			runOnlyForDeploymentPostprocessing = 0;
		};
/* End PBXResourcesBuildPhase section */

/* Begin PBXSourcesBuildPhase section */
		F95497CC1F2A1E1A00FF8876 /* Sources */ = {
			isa = PBXSourcesBuildPhase;
			buildActionMask = 2147483647;
			files = (
				F95497F51F2A1E8700FF8876 /* GeoConverter.swift in Sources */,
				F98608581F73FD20004343CB /* XMLPaser.swift in Sources */,
				F95497D61F2A1E1A00FF8876 /* ViewController.swift in Sources */,
				F95497D41F2A1E1A00FF8876 /* AppDelegate.swift in Sources */,
			);
			runOnlyForDeploymentPostprocessing = 0;
		};
		F95497E01F2A1E1A00FF8876 /* Sources */ = {
			isa = PBXSourcesBuildPhase;
			buildActionMask = 2147483647;
			files = (
				F95497E91F2A1E1A00FF8876 /* GeoConverterTests.swift in Sources */,
			);
			runOnlyForDeploymentPostprocessing = 0;
		};
/* End PBXSourcesBuildPhase section */

/* Begin PBXTargetDependency section */
		F95497E61F2A1E1A00FF8876 /* PBXTargetDependency */ = {
			isa = PBXTargetDependency;
			target = F95497CF1F2A1E1A00FF8876 /* GeoConverter */;
			targetProxy = F95497E51F2A1E1A00FF8876 /* PBXContainerItemProxy */;
		};
/* End PBXTargetDependency section */

/* Begin PBXVariantGroup section */
		F95497D71F2A1E1A00FF8876 /* Main.storyboard */ = {
			isa = PBXVariantGroup;
			children = (
				F95497D81F2A1E1A00FF8876 /* Base */,
			);
			name = Main.storyboard;
			sourceTree = "<group>";
		};
		F95497DC1F2A1E1A00FF8876 /* LaunchScreen.storyboard */ = {
			isa = PBXVariantGroup;
			children = (
				F95497DD1F2A1E1A00FF8876 /* Base */,
			);
			name = LaunchScreen.storyboard;
			sourceTree = "<group>";
		};
/* End PBXVariantGroup section */

/* Begin XCBuildConfiguration section */
		F95497EB1F2A1E1A00FF8876 /* Debug */ = {
			isa = XCBuildConfiguration;
			buildSettings = {
				ALWAYS_SEARCH_USER_PATHS = NO;
				CLANG_ANALYZER_NONNULL = YES;
				CLANG_ANALYZER_NUMBER_OBJECT_CONVERSION = YES_AGGRESSIVE;
				CLANG_CXX_LANGUAGE_STANDARD = "gnu++0x";
				CLANG_CXX_LIBRARY = "libc++";
				CLANG_ENABLE_MODULES = YES;
				CLANG_ENABLE_OBJC_ARC = YES;
				CLANG_WARN_BLOCK_CAPTURE_AUTORELEASING = YES;
				CLANG_WARN_BOOL_CONVERSION = YES;
				CLANG_WARN_COMMA = YES;
				CLANG_WARN_CONSTANT_CONVERSION = YES;
				CLANG_WARN_DIRECT_OBJC_ISA_USAGE = YES_ERROR;
				CLANG_WARN_DOCUMENTATION_COMMENTS = YES;
				CLANG_WARN_EMPTY_BODY = YES;
				CLANG_WARN_ENUM_CONVERSION = YES;
				CLANG_WARN_INFINITE_RECURSION = YES;
				CLANG_WARN_INT_CONVERSION = YES;
				CLANG_WARN_NON_LITERAL_NULL_CONVERSION = YES;
				CLANG_WARN_OBJC_LITERAL_CONVERSION = YES;
				CLANG_WARN_OBJC_ROOT_CLASS = YES_ERROR;
				CLANG_WARN_RANGE_LOOP_ANALYSIS = YES;
				CLANG_WARN_STRICT_PROTOTYPES = YES;
				CLANG_WARN_SUSPICIOUS_MOVE = YES;
				CLANG_WARN_UNREACHABLE_CODE = YES;
				CLANG_WARN__DUPLICATE_METHOD_MATCH = YES;
				"CODE_SIGN_IDENTITY[sdk=iphoneos*]" = "iPhone Developer";
				COPY_PHASE_STRIP = NO;
				DEBUG_INFORMATION_FORMAT = dwarf;
				ENABLE_STRICT_OBJC_MSGSEND = YES;
				ENABLE_TESTABILITY = YES;
				GCC_C_LANGUAGE_STANDARD = gnu99;
				GCC_DYNAMIC_NO_PIC = NO;
				GCC_NO_COMMON_BLOCKS = YES;
				GCC_OPTIMIZATION_LEVEL = 0;
				GCC_PREPROCESSOR_DEFINITIONS = (
					"DEBUG=1",
					"$(inherited)",
				);
				GCC_WARN_64_TO_32_BIT_CONVERSION = YES;
				GCC_WARN_ABOUT_RETURN_TYPE = YES_ERROR;
				GCC_WARN_UNDECLARED_SELECTOR = YES;
				GCC_WARN_UNINITIALIZED_AUTOS = YES_AGGRESSIVE;
				GCC_WARN_UNUSED_FUNCTION = YES;
				GCC_WARN_UNUSED_VARIABLE = YES;
				IPHONEOS_DEPLOYMENT_TARGET = 10.3;
				MTL_ENABLE_DEBUG_INFO = YES;
				ONLY_ACTIVE_ARCH = YES;
				SDKROOT = iphoneos;
				SWIFT_ACTIVE_COMPILATION_CONDITIONS = DEBUG;
				SWIFT_OPTIMIZATION_LEVEL = "-Onone";
			};
			name = Debug;
		};
		F95497EC1F2A1E1A00FF8876 /* Release */ = {
			isa = XCBuildConfiguration;
			buildSettings = {
				ALWAYS_SEARCH_USER_PATHS = NO;
				CLANG_ANALYZER_NONNULL = YES;
				CLANG_ANALYZER_NUMBER_OBJECT_CONVERSION = YES_AGGRESSIVE;
				CLANG_CXX_LANGUAGE_STANDARD = "gnu++0x";
				CLANG_CXX_LIBRARY = "libc++";
				CLANG_ENABLE_MODULES = YES;
				CLANG_ENABLE_OBJC_ARC = YES;
				CLANG_WARN_BLOCK_CAPTURE_AUTORELEASING = YES;
				CLANG_WARN_BOOL_CONVERSION = YES;
				CLANG_WARN_COMMA = YES;
				CLANG_WARN_CONSTANT_CONVERSION = YES;
				CLANG_WARN_DIRECT_OBJC_ISA_USAGE = YES_ERROR;
				CLANG_WARN_DOCUMENTATION_COMMENTS = YES;
				CLANG_WARN_EMPTY_BODY = YES;
				CLANG_WARN_ENUM_CONVERSION = YES;
				CLANG_WARN_INFINITE_RECURSION = YES;
				CLANG_WARN_INT_CONVERSION = YES;
				CLANG_WARN_NON_LITERAL_NULL_CONVERSION = YES;
				CLANG_WARN_OBJC_LITERAL_CONVERSION = YES;
				CLANG_WARN_OBJC_ROOT_CLASS = YES_ERROR;
				CLANG_WARN_RANGE_LOOP_ANALYSIS = YES;
				CLANG_WARN_STRICT_PROTOTYPES = YES;
				CLANG_WARN_SUSPICIOUS_MOVE = YES;
				CLANG_WARN_UNREACHABLE_CODE = YES;
				CLANG_WARN__DUPLICATE_METHOD_MATCH = YES;
				"CODE_SIGN_IDENTITY[sdk=iphoneos*]" = "iPhone Developer";
				COPY_PHASE_STRIP = NO;
				DEBUG_INFORMATION_FORMAT = "dwarf-with-dsym";
				ENABLE_NS_ASSERTIONS = NO;
				ENABLE_STRICT_OBJC_MSGSEND = YES;
				GCC_C_LANGUAGE_STANDARD = gnu99;
				GCC_NO_COMMON_BLOCKS = YES;
				GCC_WARN_64_TO_32_BIT_CONVERSION = YES;
				GCC_WARN_ABOUT_RETURN_TYPE = YES_ERROR;
				GCC_WARN_UNDECLARED_SELECTOR = YES;
				GCC_WARN_UNINITIALIZED_AUTOS = YES_AGGRESSIVE;
				GCC_WARN_UNUSED_FUNCTION = YES;
				GCC_WARN_UNUSED_VARIABLE = YES;
				IPHONEOS_DEPLOYMENT_TARGET = 10.3;
				MTL_ENABLE_DEBUG_INFO = NO;
				SDKROOT = iphoneos;
				SWIFT_OPTIMIZATION_LEVEL = "-Owholemodule";
				VALIDATE_PRODUCT = YES;
			};
			name = Release;
		};
		F95497EE1F2A1E1A00FF8876 /* Debug */ = {
			isa = XCBuildConfiguration;
			buildSettings = {
				ASSETCATALOG_COMPILER_APPICON_NAME = AppIcon;
				INFOPLIST_FILE = GeoConverter/Info.plist;
				LD_RUNPATH_SEARCH_PATHS = "$(inherited) @executable_path/Frameworks";
				PRODUCT_BUNDLE_IDENTIFIER = com.sangwoo.GeoConverter;
				PRODUCT_NAME = "$(TARGET_NAME)";
				SWIFT_SWIFT3_OBJC_INFERENCE = Default;
				SWIFT_VERSION = 4.0;
			};
			name = Debug;
		};
		F95497EF1F2A1E1A00FF8876 /* Release */ = {
			isa = XCBuildConfiguration;
			buildSettings = {
				ASSETCATALOG_COMPILER_APPICON_NAME = AppIcon;
				INFOPLIST_FILE = GeoConverter/Info.plist;
				LD_RUNPATH_SEARCH_PATHS = "$(inherited) @executable_path/Frameworks";
				PRODUCT_BUNDLE_IDENTIFIER = com.sangwoo.GeoConverter;
				PRODUCT_NAME = "$(TARGET_NAME)";
				SWIFT_SWIFT3_OBJC_INFERENCE = Default;
				SWIFT_VERSION = 4.0;
			};
			name = Release;
		};
		F95497F11F2A1E1A00FF8876 /* Debug */ = {
			isa = XCBuildConfiguration;
			buildSettings = {
				ALWAYS_EMBED_SWIFT_STANDARD_LIBRARIES = YES;
				BUNDLE_LOADER = "$(TEST_HOST)";
				INFOPLIST_FILE = GeoConverterTests/Info.plist;
				LD_RUNPATH_SEARCH_PATHS = "$(inherited) @executable_path/Frameworks @loader_path/Frameworks";
				PRODUCT_BUNDLE_IDENTIFIER = com.sangwoo.GeoConverterTests;
				PRODUCT_NAME = "$(TARGET_NAME)";
				SWIFT_SWIFT3_OBJC_INFERENCE = On;
				SWIFT_VERSION = 4.0;
				TEST_HOST = "$(BUILT_PRODUCTS_DIR)/GeoConverter.app/GeoConverter";
			};
			name = Debug;
		};
		F95497F21F2A1E1A00FF8876 /* Release */ = {
			isa = XCBuildConfiguration;
			buildSettings = {
				ALWAYS_EMBED_SWIFT_STANDARD_LIBRARIES = YES;
				BUNDLE_LOADER = "$(TEST_HOST)";
				INFOPLIST_FILE = GeoConverterTests/Info.plist;
				LD_RUNPATH_SEARCH_PATHS = "$(inherited) @executable_path/Frameworks @loader_path/Frameworks";
				PRODUCT_BUNDLE_IDENTIFIER = com.sangwoo.GeoConverterTests;
				PRODUCT_NAME = "$(TARGET_NAME)";
				SWIFT_SWIFT3_OBJC_INFERENCE = On;
				SWIFT_VERSION = 4.0;
				TEST_HOST = "$(BUILT_PRODUCTS_DIR)/GeoConverter.app/GeoConverter";
			};
			name = Release;
		};
/* End XCBuildConfiguration section */

/* Begin XCConfigurationList section */
		F95497CB1F2A1E1A00FF8876 /* Build configuration list for PBXProject "GeoConverter" */ = {
			isa = XCConfigurationList;
			buildConfigurations = (
				F95497EB1F2A1E1A00FF8876 /* Debug */,
				F95497EC1F2A1E1A00FF8876 /* Release */,
			);
			defaultConfigurationIsVisible = 0;
			defaultConfigurationName = Release;
		};
		F95497ED1F2A1E1A00FF8876 /* Build configuration list for PBXNativeTarget "GeoConverter" */ = {
			isa = XCConfigurationList;
			buildConfigurations = (
				F95497EE1F2A1E1A00FF8876 /* Debug */,
				F95497EF1F2A1E1A00FF8876 /* Release */,
			);
			defaultConfigurationIsVisible = 0;
			defaultConfigurationName = Release;
		};
		F95497F01F2A1E1A00FF8876 /* Build configuration list for PBXNativeTarget "GeoConverterTests" */ = {
			isa = XCConfigurationList;
			buildConfigurations = (
				F95497F11F2A1E1A00FF8876 /* Debug */,
				F95497F21F2A1E1A00FF8876 /* Release */,
			);
			defaultConfigurationIsVisible = 0;
			defaultConfigurationName = Release;
		};
/* End XCConfigurationList section */
	};
	rootObject = F95497C81F2A1E1A00FF8876 /* Project object */;
}
